
Microsoft Visual Studio Solution File, Format Version 12.00
# Visual Studio Version 16
VisualStudioVersion = 16.0.29102.190
MinimumVisualStudioVersion = 10.0.40219.1
Project("{FAE04EC0-301F-11D3-BF4B-00C04F79EFBC}") = "KLDQuziAnsnwerSystem", "KLDQuziAnsnwerSystem\KLDQuziAnsnwerSystem.csproj", "{812E815E-617C-45EF-A8A6-4A15E7E3A683}"
EndProject
Global
	GlobalSection(SolutionConfigurationPlatforms) = preSolution
		Debug|Any CPU = Debug|Any CPU
		Release|Any CPU = Release|Any CPU
	EndGlobalSection
	GlobalSection(ProjectConfigurationPlatforms) = postSolution
		{812E815E-617C-45EF-A8A6-4A15E7E3A683}.Debug|Any CPU.ActiveCfg = Debug|Any CPU
		{812E815E-617C-45EF-A8A6-4A15E7E3A683}.Debug|Any CPU.Build.0 = Debug|Any CPU
		{812E815E-617C-45EF-A8A6-4A15E7E3A683}.Release|Any CPU.ActiveCfg = Release|Any CPU
		{812E815E-617C-45EF-A8A6-4A15E7E3A683}.Release|Any CPU.Build.0 = Release|Any CPU
	EndGlobalSection
	GlobalSection(SolutionProperties) = preSolution
		HideSolutionNode = FALSE
	EndGlobalSection
	GlobalSection(ExtensibilityGlobals) = postSolution
		SolutionGuid = {9C43EA0A-FC79-4051-A5FA-8E8BBF04CF95}
	EndGlobalSection
EndGlobal
